<?xml version="1.0" encoding="utf-8"?>
<Project ToolsVersion="4.0" xmlns="http://schemas.microsoft.com/developer/msbuild/2003">
  <ItemGroup>
    <Filter Include="Source Files">
      <UniqueIdentifier>{4FC737F1-C7A5-4376-A066-2A32D752A2FF}</UniqueIdentifier>
      <Extensions>cpp;c;cc;cxx;def;odl;idl;hpj;bat;asm;asmx</Extensions>
    </Filter>
    <Filter Include="Header Files">
      <UniqueIdentifier>{93995380-89BD-4b04-88EB-625FBE52EBFB}</UniqueIdentifier>
      <Extensions>h;hh;hpp;hxx;hm;inl;inc;xsd</Extensions>
    </Filter>
    <Filter Include="Resource Files">
      <UniqueIdentifier>{67DA6AB6-F800-4c08-8B7A-83BB121AAD01}</UniqueIdentifier>
      <Extensions>rc;ico;cur;bmp;dlg;rc2;rct;bin;rgs;gif;jpg;jpeg;jpe;resx;tiff;tif;png;wav;mfcribbon-ms</Extensions>
    </Filter>
    <Filter Include="Source Files\Matrix">
      <UniqueIdentifier>{e518badb-4078-4692-87b7-57b7ab8851ae}</UniqueIdentifier>
    </Filter>
  </ItemGroup>
  <ItemGroup>
    <ClCompile Include="main.cpp">
      <Filter>Source Files</Filter>
    </ClCompile>
    <ClCompile Include="LinearFunction.cpp">
      <Filter>Source Files</Filter>
    </ClCompile>
    <ClCompile Include="Lagrange.cpp">
      <Filter>Source Files</Filter>
    </ClCompile>
    <ClCompile Include="DataReader.cpp">
      <Filter>Source Files</Filter>
    </ClCompile>
    <ClCompile Include="Sklejane.cpp">
      <Filter>Source Files</Filter>
    </ClCompile>
    <ClCompile Include="Matrix.cpp">
      <Filter>Source Files\Matrix</Filter>
    </ClCompile>
    <ClCompile Include="MatrixExceptions.cpp">
      <Filter>Source Files\Matrix</Filter>
    </ClCompile>
    <ClCompile Include="MatrixInversion.cpp">
      <Filter>Source Files\Matrix</Filter>
    </ClCompile>
    <ClCompile Include="MatrixOperators.cpp">
      <Filter>Source Files\Matrix</Filter>
    </ClCompile>
    <ClCompile Include="MatrixTransposing.cpp">
      <Filter>Source Files\Matrix</Filter>
    </ClCompile>
    <ClCompile Include="CalculationMethods.cpp">
      <Filter>Source Files</Filter>
    </ClCompile>
    <ClCompile Include="Report.cpp">
      <Filter>Source Files</Filter>
    </ClCompile>
  </ItemGroup>
  <ItemGroup>
    <ClInclude Include="LinearFunction.h">
      <Filter>Header Files</Filter>
    </ClInclude>
    <ClInclude Include="MyArrayList.h">
      <Filter>Header Files</Filter>
    </ClInclude>
    <ClInclude Include="DataReader.h">
      <Filter>Header Files</Filter>
    </ClInclude>
    <ClInclude Include="Matrix.h">
      <Filter>Header Files</Filter>
    </ClInclude>
    <ClInclude Include="CalculationMethods.h">
      <Filter>Header Files</Filter>
    </ClInclude>
    <ClInclude Include="Report.h">
      <Filter>Header Files</Filter>
    </ClInclude>
  </ItemGroup>
  <ItemGroup>
    <Text Include="uluruIn.txt">
      <Filter>Resource Files</Filter>
    </Text>
    <Text Include="trasaAlpyIn.txt">
      <Filter>Resource Files</Filter>
    </Text>
  </ItemGroup>
</Project>